
Microsoft Visual Studio Solution File, Format Version 12.00
# Visual Studio Version 16
VisualStudioVersion = 16.0.30225.117
MinimumVisualStudioVersion = 10.0.40219.1
Project("{FAE04EC0-301F-11D3-BF4B-00C04F79EFBC}") = "BlazingChat.Server", "BlazingChat\Server\BlazingChat.Server.csproj", "{749C04B8-FB09-411B-B580-EB375267D163}"
EndProject
Project("{FAE04EC0-301F-11D3-BF4B-00C04F79EFBC}") = "BlazingChat.Client", "BlazingChat\Client\BlazingChat.Client.csproj", "{4D66C754-431B-47A4-89DE-99F988B9A8D9}"
EndProject
Project("{FAE04EC0-301F-11D3-BF4B-00C04F79EFBC}") = "BlazingChat.Shared", "BlazingChat\Shared\BlazingChat.Shared.csproj", "{18C2F2FC-B8AD-40C6-8CDD-DBDE55A83CD8}"
EndProject
Global
	GlobalSection(SolutionConfigurationPlatforms) = preSolution
		Debug|Any CPU = Debug|Any CPU
		Release|Any CPU = Release|Any CPU
	EndGlobalSection
	GlobalSection(ProjectConfigurationPlatforms) = postSolution
		{749C04B8-FB09-411B-B580-EB375267D163}.Debug|Any CPU.ActiveCfg = Debug|Any CPU
		{749C04B8-FB09-411B-B580-EB375267D163}.Debug|Any CPU.Build.0 = Debug|Any CPU
		{749C04B8-FB09-411B-B580-EB375267D163}.Release|Any CPU.ActiveCfg = Release|Any CPU
		{749C04B8-FB09-411B-B580-EB375267D163}.Release|Any CPU.Build.0 = Release|Any CPU
		{4D66C754-431B-47A4-89DE-99F988B9A8D9}.Debug|Any CPU.ActiveCfg = Debug|Any CPU
		{4D66C754-431B-47A4-89DE-99F988B9A8D9}.Debug|Any CPU.Build.0 = Debug|Any CPU
		{4D66C754-431B-47A4-89DE-99F988B9A8D9}.Release|Any CPU.ActiveCfg = Release|Any CPU
		{4D66C754-431B-47A4-89DE-99F988B9A8D9}.Release|Any CPU.Build.0 = Release|Any CPU
		{18C2F2FC-B8AD-40C6-8CDD-DBDE55A83CD8}.Debug|Any CPU.ActiveCfg = Debug|Any CPU
		{18C2F2FC-B8AD-40C6-8CDD-DBDE55A83CD8}.Debug|Any CPU.Build.0 = Debug|Any CPU
		{18C2F2FC-B8AD-40C6-8CDD-DBDE55A83CD8}.Release|Any CPU.ActiveCfg = Release|Any CPU
		{18C2F2FC-B8AD-40C6-8CDD-DBDE55A83CD8}.Release|Any CPU.Build.0 = Release|Any CPU
	EndGlobalSection
	GlobalSection(SolutionProperties) = preSolution
		HideSolutionNode = FALSE
	EndGlobalSection
	GlobalSection(ExtensibilityGlobals) = postSolution
		SolutionGuid = {C7BFAC09-AC18-4494-A4CA-4AE23DFE3A90}
	EndGlobalSection
EndGlobal
